// !$*UTF8*$!
{
	archiveVersion = 1;
	classes = {
	};
	objectVersion = 56;
	objects = {

/* Begin PBXBuildFile section */
		CE9F19D62CE6FAB400C7C6BE /* BeRealCloneApp.swift in Sources */ = {isa = PBXBuildFile; fileRef = CE9F19D52CE6FAB400C7C6BE /* BeRealCloneApp.swift */; };
		CE9F19D82CE6FAB400C7C6BE /* ContentView.swift in Sources */ = {isa = PBXBuildFile; fileRef = CE9F19D72CE6FAB400C7C6BE /* ContentView.swift */; };
		CE9F19DA2CE6FAB900C7C6BE /* Assets.xcassets in Resources */ = {isa = PBXBuildFile; fileRef = CE9F19D92CE6FAB900C7C6BE /* Assets.xcassets */; };
		CE9F19DD2CE6FAB900C7C6BE /* Preview Assets.xcassets in Resources */ = {isa = PBXBuildFile; fileRef = CE9F19DC2CE6FAB900C7C6BE /* Preview Assets.xcassets */; };
		CE9F19E52CE6FB6B00C7C6BE /* ParseSwift in Frameworks */ = {isa = PBXBuildFile; productRef = CE9F19E42CE6FB6B00C7C6BE /* ParseSwift */; };
		CE9F19E72CE6FD4A00C7C6BE /* SignupView.swift in Sources */ = {isa = PBXBuildFile; fileRef = CE9F19E62CE6FD4A00C7C6BE /* SignupView.swift */; };
		CE9F19E92CE6FD6B00C7C6BE /* LoginView.swift in Sources */ = {isa = PBXBuildFile; fileRef = CE9F19E82CE6FD6B00C7C6BE /* LoginView.swift */; };
		CE9F19EB2CE6FD9900C7C6BE /* HomeView.swift in Sources */ = {isa = PBXBuildFile; fileRef = CE9F19EA2CE6FD9900C7C6BE /* HomeView.swift */; };
		CE9F19ED2CE6FE6900C7C6BE /* User.swift in Sources */ = {isa = PBXBuildFile; fileRef = CE9F19EC2CE6FE6900C7C6BE /* User.swift */; };
		CE9F19EF2CE896E100C7C6BE /* PostView.swift in Sources */ = {isa = PBXBuildFile; fileRef = CE9F19EE2CE896E100C7C6BE /* PostView.swift */; };
		CE9F19F12CE8986100C7C6BE /* Post.swift in Sources */ = {isa = PBXBuildFile; fileRef = CE9F19F02CE8986100C7C6BE /* Post.swift */; };
		CE9F19F32CE898C900C7C6BE /* ImagePicker.swift in Sources */ = {isa = PBXBuildFile; fileRef = CE9F19F22CE898C900C7C6BE /* ImagePicker.swift */; };
		CE9F19F52CE8A58D00C7C6BE /* FeedView.swift in Sources */ = {isa = PBXBuildFile; fileRef = CE9F19F42CE8A58D00C7C6BE /* FeedView.swift */; };
		CE9F19F72CE8AA1500C7C6BE /* PHPickerViewController.View.swift in Sources */ = {isa = PBXBuildFile; fileRef = CE9F19F62CE8AA1500C7C6BE /* PHPickerViewController.View.swift */; };
/* End PBXBuildFile section */

/* Begin PBXFileReference section */
		CE9F19D22CE6FAB400C7C6BE /* BeRealClone.app */ = {isa = PBXFileReference; explicitFileType = wrapper.application; includeInIndex = 0; path = BeRealClone.app; sourceTree = BUILT_PRODUCTS_DIR; };
		CE9F19D52CE6FAB400C7C6BE /* BeRealCloneApp.swift */ = {isa = PBXFileReference; lastKnownFileType = sourcecode.swift; path = BeRealCloneApp.swift; sourceTree = "<group>"; };
		CE9F19D72CE6FAB400C7C6BE /* ContentView.swift */ = {isa = PBXFileReference; lastKnownFileType = sourcecode.swift; path = ContentView.swift; sourceTree = "<group>"; };
		CE9F19D92CE6FAB900C7C6BE /* Assets.xcassets */ = {isa = PBXFileReference; lastKnownFileType = folder.assetcatalog; path = Assets.xcassets; sourceTree = "<group>"; };
		CE9F19DC2CE6FAB900C7C6BE /* Preview Assets.xcassets */ = {isa = PBXFileReference; lastKnownFileType = folder.assetcatalog; path = "Preview Assets.xcassets"; sourceTree = "<group>"; };
		CE9F19E62CE6FD4A00C7C6BE /* SignupView.swift */ = {isa = PBXFileReference; lastKnownFileType = sourcecode.swift; path = SignupView.swift; sourceTree = "<group>"; };
		CE9F19E82CE6FD6B00C7C6BE /* LoginView.swift */ = {isa = PBXFileReference; lastKnownFileType = sourcecode.swift; path = LoginView.swift; sourceTree = "<group>"; };
		CE9F19EA2CE6FD9900C7C6BE /* HomeView.swift */ = {isa = PBXFileReference; lastKnownFileType = sourcecode.swift; path = HomeView.swift; sourceTree = "<group>"; };
		CE9F19EC2CE6FE6900C7C6BE /* User.swift */ = {isa = PBXFileReference; lastKnownFileType = sourcecode.swift; path = User.swift; sourceTree = "<group>"; };
		CE9F19EE2CE896E100C7C6BE /* PostView.swift */ = {isa = PBXFileReference; lastKnownFileType = sourcecode.swift; path = PostView.swift; sourceTree = "<group>"; };
		CE9F19F02CE8986100C7C6BE /* Post.swift */ = {isa = PBXFileReference; lastKnownFileType = sourcecode.swift; path = Post.swift; sourceTree = "<group>"; };
		CE9F19F22CE898C900C7C6BE /* ImagePicker.swift */ = {isa = PBXFileReference; lastKnownFileType = sourcecode.swift; path = ImagePicker.swift; sourceTree = "<group>"; };
		CE9F19F42CE8A58D00C7C6BE /* FeedView.swift */ = {isa = PBXFileReference; lastKnownFileType = sourcecode.swift; path = FeedView.swift; sourceTree = "<group>"; };
		CE9F19F62CE8AA1500C7C6BE /* PHPickerViewController.View.swift */ = {isa = PBXFileReference; lastKnownFileType = sourcecode.swift; path = PHPickerViewController.View.swift; sourceTree = "<group>"; };
/* End PBXFileReference section */

/* Begin PBXFrameworksBuildPhase section */
		CE9F19CF2CE6FAB400C7C6BE /* Frameworks */ = {
			isa = PBXFrameworksBuildPhase;
			buildActionMask = 2147483647;
			files = (
				CE9F19E52CE6FB6B00C7C6BE /* ParseSwift in Frameworks */,
			);
			runOnlyForDeploymentPostprocessing = 0;
		};
/* End PBXFrameworksBuildPhase section */

/* Begin PBXGroup section */
		CE9F19C92CE6FAB400C7C6BE = {
			isa = PBXGroup;
			children = (
				CE9F19D42CE6FAB400C7C6BE /* BeRealClone */,
				CE9F19D32CE6FAB400C7C6BE /* Products */,
			);
			sourceTree = "<group>";
		};
		CE9F19D32CE6FAB400C7C6BE /* Products */ = {
			isa = PBXGroup;
			children = (
				CE9F19D22CE6FAB400C7C6BE /* BeRealClone.app */,
			);
			name = Products;
			sourceTree = "<group>";
		};
		CE9F19D42CE6FAB400C7C6BE /* BeRealClone */ = {
			isa = PBXGroup;
			children = (
				CE9F19D52CE6FAB400C7C6BE /* BeRealCloneApp.swift */,
				CE9F19EE2CE896E100C7C6BE /* PostView.swift */,
				CE9F19F42CE8A58D00C7C6BE /* FeedView.swift */,
				CE9F19F02CE8986100C7C6BE /* Post.swift */,
				CE9F19F22CE898C900C7C6BE /* ImagePicker.swift */,
				CE9F19E62CE6FD4A00C7C6BE /* SignupView.swift */,
				CE9F19F62CE8AA1500C7C6BE /* PHPickerViewController.View.swift */,
				CE9F19E82CE6FD6B00C7C6BE /* LoginView.swift */,
				CE9F19D72CE6FAB400C7C6BE /* ContentView.swift */,
				CE9F19D92CE6FAB900C7C6BE /* Assets.xcassets */,
				CE9F19DB2CE6FAB900C7C6BE /* Preview Content */,
				CE9F19EA2CE6FD9900C7C6BE /* HomeView.swift */,
				CE9F19EC2CE6FE6900C7C6BE /* User.swift */,
			);
			path = BeRealClone;
			sourceTree = "<group>";
		};
		CE9F19DB2CE6FAB900C7C6BE /* Preview Content */ = {
			isa = PBXGroup;
			children = (
				CE9F19DC2CE6FAB900C7C6BE /* Preview Assets.xcassets */,
			);
			path = "Preview Content";
			sourceTree = "<group>";
		};
/* End PBXGroup section */

/* Begin PBXNativeTarget section */
		CE9F19D12CE6FAB400C7C6BE /* BeRealClone */ = {
			isa = PBXNativeTarget;
			buildConfigurationList = CE9F19E02CE6FAB900C7C6BE /* Build configuration list for PBXNativeTarget "BeRealClone" */;
			buildPhases = (
				CE9F19CE2CE6FAB400C7C6BE /* Sources */,
				CE9F19CF2CE6FAB400C7C6BE /* Frameworks */,
				CE9F19D02CE6FAB400C7C6BE /* Resources */,
			);
			buildRules = (
			);
			dependencies = (
			);
			name = BeRealClone;
			packageProductDependencies = (
				CE9F19E42CE6FB6B00C7C6BE /* ParseSwift */,
			);
			productName = BeRealClone;
			productReference = CE9F19D22CE6FAB400C7C6BE /* BeRealClone.app */;
			productType = "com.apple.product-type.application";
		};
/* End PBXNativeTarget section */

/* Begin PBXProject section */
		CE9F19CA2CE6FAB400C7C6BE /* Project object */ = {
			isa = PBXProject;
			attributes = {
				BuildIndependentTargetsInParallel = 1;
				LastSwiftUpdateCheck = 1430;
				LastUpgradeCheck = 1430;
				TargetAttributes = {
					CE9F19D12CE6FAB400C7C6BE = {
						CreatedOnToolsVersion = 14.3.1;
					};
				};
			};
			buildConfigurationList = CE9F19CD2CE6FAB400C7C6BE /* Build configuration list for PBXProject "BeRealClone" */;
			compatibilityVersion = "Xcode 14.0";
			developmentRegion = en;
			hasScannedForEncodings = 0;
			knownRegions = (
				en,
				Base,
			);
			mainGroup = CE9F19C92CE6FAB400C7C6BE;
			packageReferences = (
				CE9F19E32CE6FB6B00C7C6BE /* XCRemoteSwiftPackageReference "Parse-Swift" */,
			);
			productRefGroup = CE9F19D32CE6FAB400C7C6BE /* Products */;
			projectDirPath = "";
			projectRoot = "";
			targets = (
				CE9F19D12CE6FAB400C7C6BE /* BeRealClone */,
			);
		};
/* End PBXProject section */

/* Begin PBXResourcesBuildPhase section */
		CE9F19D02CE6FAB400C7C6BE /* Resources */ = {
			isa = PBXResourcesBuildPhase;
			buildActionMask = 2147483647;
			files = (
				CE9F19DD2CE6FAB900C7C6BE /* Preview Assets.xcassets in Resources */,
				CE9F19DA2CE6FAB900C7C6BE /* Assets.xcassets in Resources */,
			);
			runOnlyForDeploymentPostprocessing = 0;
		};
/* End PBXResourcesBuildPhase section */

/* Begin PBXSourcesBuildPhase section */
		CE9F19CE2CE6FAB400C7C6BE /* Sources */ = {
			isa = PBXSourcesBuildPhase;
			buildActionMask = 2147483647;
			files = (
				CE9F19F72CE8AA1500C7C6BE /* PHPickerViewController.View.swift in Sources */,
				CE9F19F52CE8A58D00C7C6BE /* FeedView.swift in Sources */,
				CE9F19EF2CE896E100C7C6BE /* PostView.swift in Sources */,
				CE9F19E72CE6FD4A00C7C6BE /* SignupView.swift in Sources */,
				CE9F19D82CE6FAB400C7C6BE /* ContentView.swift in Sources */,
				CE9F19F32CE898C900C7C6BE /* ImagePicker.swift in Sources */,
				CE9F19F12CE8986100C7C6BE /* Post.swift in Sources */,
				CE9F19ED2CE6FE6900C7C6BE /* User.swift in Sources */,
				CE9F19E92CE6FD6B00C7C6BE /* LoginView.swift in Sources */,
				CE9F19EB2CE6FD9900C7C6BE /* HomeView.swift in Sources */,
				CE9F19D62CE6FAB400C7C6BE /* BeRealCloneApp.swift in Sources */,
			);
			runOnlyForDeploymentPostprocessing = 0;
		};
/* End PBXSourcesBuildPhase section */

/* Begin XCBuildConfiguration section */
		CE9F19DE2CE6FAB900C7C6BE /* Debug */ = {
			isa = XCBuildConfiguration;
			buildSettings = {
				ALWAYS_SEARCH_USER_PATHS = NO;
				CLANG_ANALYZER_NONNULL = YES;
				CLANG_ANALYZER_NUMBER_OBJECT_CONVERSION = YES_AGGRESSIVE;
				CLANG_CXX_LANGUAGE_STANDARD = "gnu++20";
				CLANG_ENABLE_MODULES = YES;
				CLANG_ENABLE_OBJC_ARC = YES;
				CLANG_ENABLE_OBJC_WEAK = YES;
				CLANG_WARN_BLOCK_CAPTURE_AUTORELEASING = YES;
				CLANG_WARN_BOOL_CONVERSION = YES;
				CLANG_WARN_COMMA = YES;
				CLANG_WARN_CONSTANT_CONVERSION = YES;
				CLANG_WARN_DEPRECATED_OBJC_IMPLEMENTATIONS = YES;
				CLANG_WARN_DIRECT_OBJC_ISA_USAGE = YES_ERROR;
				CLANG_WARN_DOCUMENTATION_COMMENTS = YES;
				CLANG_WARN_EMPTY_BODY = YES;
				CLANG_WARN_ENUM_CONVERSION = YES;
				CLANG_WARN_INFINITE_RECURSION = YES;
				CLANG_WARN_INT_CONVERSION = YES;
				CLANG_WARN_NON_LITERAL_NULL_CONVERSION = YES;
				CLANG_WARN_OBJC_IMPLICIT_RETAIN_SELF = YES;
				CLANG_WARN_OBJC_LITERAL_CONVERSION = YES;
				CLANG_WARN_OBJC_ROOT_CLASS = YES_ERROR;
				CLANG_WARN_QUOTED_INCLUDE_IN_FRAMEWORK_HEADER = YES;
				CLANG_WARN_RANGE_LOOP_ANALYSIS = YES;
				CLANG_WARN_STRICT_PROTOTYPES = YES;
				CLANG_WARN_SUSPICIOUS_MOVE = YES;
				CLANG_WARN_UNGUARDED_AVAILABILITY = YES_AGGRESSIVE;
				CLANG_WARN_UNREACHABLE_CODE = YES;
				CLANG_WARN__DUPLICATE_METHOD_MATCH = YES;
				COPY_PHASE_STRIP = NO;
				DEBUG_INFORMATION_FORMAT = dwarf;
				ENABLE_STRICT_OBJC_MSGSEND = YES;
				ENABLE_TESTABILITY = YES;
				GCC_C_LANGUAGE_STANDARD = gnu11;
				GCC_DYNAMIC_NO_PIC = NO;
				GCC_NO_COMMON_BLOCKS = YES;
				GCC_OPTIMIZATION_LEVEL = 0;
				GCC_PREPROCESSOR_DEFINITIONS = (
					"DEBUG=1",
					"$(inherited)",
				);
				GCC_WARN_64_TO_32_BIT_CONVERSION = YES;
				GCC_WARN_ABOUT_RETURN_TYPE = YES_ERROR;
				GCC_WARN_UNDECLARED_SELECTOR = YES;
				GCC_WARN_UNINITIALIZED_AUTOS = YES_AGGRESSIVE;
				GCC_WARN_UNUSED_FUNCTION = YES;
				GCC_WARN_UNUSED_VARIABLE = YES;
				IPHONEOS_DEPLOYMENT_TARGET = 16.4;
				MTL_ENABLE_DEBUG_INFO = INCLUDE_SOURCE;
				MTL_FAST_MATH = YES;
				ONLY_ACTIVE_ARCH = YES;
				SDKROOT = iphoneos;
				SWIFT_ACTIVE_COMPILATION_CONDITIONS = DEBUG;
				SWIFT_OPTIMIZATION_LEVEL = "-Onone";
			};
			name = Debug;
		};
		CE9F19DF2CE6FAB900C7C6BE /* Release */ = {
			isa = XCBuildConfiguration;
			buildSettings = {
				ALWAYS_SEARCH_USER_PATHS = NO;
				CLANG_ANALYZER_NONNULL = YES;
				CLANG_ANALYZER_NUMBER_OBJECT_CONVERSION = YES_AGGRESSIVE;
				CLANG_CXX_LANGUAGE_STANDARD = "gnu++20";
				CLANG_ENABLE_MODULES = YES;
				CLANG_ENABLE_OBJC_ARC = YES;
				CLANG_ENABLE_OBJC_WEAK = YES;
				CLANG_WARN_BLOCK_CAPTURE_AUTORELEASING = YES;
				CLANG_WARN_BOOL_CONVERSION = YES;
				CLANG_WARN_COMMA = YES;
				CLANG_WARN_CONSTANT_CONVERSION = YES;
				CLANG_WARN_DEPRECATED_OBJC_IMPLEMENTATIONS = YES;
				CLANG_WARN_DIRECT_OBJC_ISA_USAGE = YES_ERROR;
				CLANG_WARN_DOCUMENTATION_COMMENTS = YES;
				CLANG_WARN_EMPTY_BODY = YES;
				CLANG_WARN_ENUM_CONVERSION = YES;
				CLANG_WARN_INFINITE_RECURSION = YES;
				CLANG_WARN_INT_CONVERSION = YES;
				CLANG_WARN_NON_LITERAL_NULL_CONVERSION = YES;
				CLANG_WARN_OBJC_IMPLICIT_RETAIN_SELF = YES;
				CLANG_WARN_OBJC_LITERAL_CONVERSION = YES;
				CLANG_WARN_OBJC_ROOT_CLASS = YES_ERROR;
				CLANG_WARN_QUOTED_INCLUDE_IN_FRAMEWORK_HEADER = YES;
				CLANG_WARN_RANGE_LOOP_ANALYSIS = YES;
				CLANG_WARN_STRICT_PROTOTYPES = YES;
				CLANG_WARN_SUSPICIOUS_MOVE = YES;
				CLANG_WARN_UNGUARDED_AVAILABILITY = YES_AGGRESSIVE;
				CLANG_WARN_UNREACHABLE_CODE = YES;
				CLANG_WARN__DUPLICATE_METHOD_MATCH = YES;
				COPY_PHASE_STRIP = NO;
				DEBUG_INFORMATION_FORMAT = "dwarf-with-dsym";
				ENABLE_NS_ASSERTIONS = NO;
				ENABLE_STRICT_OBJC_MSGSEND = YES;
				GCC_C_LANGUAGE_STANDARD = gnu11;
				GCC_NO_COMMON_BLOCKS = YES;
				GCC_WARN_64_TO_32_BIT_CONVERSION = YES;
				GCC_WARN_ABOUT_RETURN_TYPE = YES_ERROR;
				GCC_WARN_UNDECLARED_SELECTOR = YES;
				GCC_WARN_UNINITIALIZED_AUTOS = YES_AGGRESSIVE;
				GCC_WARN_UNUSED_FUNCTION = YES;
				GCC_WARN_UNUSED_VARIABLE = YES;
				IPHONEOS_DEPLOYMENT_TARGET = 16.4;
				MTL_ENABLE_DEBUG_INFO = NO;
				MTL_FAST_MATH = YES;
				SDKROOT = iphoneos;
				SWIFT_COMPILATION_MODE = wholemodule;
				SWIFT_OPTIMIZATION_LEVEL = "-O";
				VALIDATE_PRODUCT = YES;
			};
			name = Release;
		};
		CE9F19E12CE6FAB900C7C6BE /* Debug */ = {
			isa = XCBuildConfiguration;
			buildSettings = {
				ASSETCATALOG_COMPILER_APPICON_NAME = AppIcon;
				ASSETCATALOG_COMPILER_GLOBAL_ACCENT_COLOR_NAME = AccentColor;
				CODE_SIGN_STYLE = Automatic;
				CURRENT_PROJECT_VERSION = 1;
				DEVELOPMENT_ASSET_PATHS = "\"BeRealClone/Preview Content\"";
				DEVELOPMENT_TEAM = P5RT3WX6VW;
				ENABLE_PREVIEWS = YES;
				GENERATE_INFOPLIST_FILE = YES;
				INFOPLIST_KEY_UIApplicationSceneManifest_Generation = YES;
				INFOPLIST_KEY_UIApplicationSupportsIndirectInputEvents = YES;
				INFOPLIST_KEY_UILaunchScreen_Generation = YES;
				INFOPLIST_KEY_UISupportedInterfaceOrientations_iPad = "UIInterfaceOrientationPortrait UIInterfaceOrientationPortraitUpsideDown UIInterfaceOrientationLandscapeLeft UIInterfaceOrientationLandscapeRight";
				INFOPLIST_KEY_UISupportedInterfaceOrientations_iPhone = "UIInterfaceOrientationPortrait UIInterfaceOrientationLandscapeLeft UIInterfaceOrientationLandscapeRight";
				LD_RUNPATH_SEARCH_PATHS = (
					"$(inherited)",
					"@executable_path/Frameworks",
				);
				MARKETING_VERSION = 1.0;
				PRODUCT_BUNDLE_IDENTIFIER = ios.vm.fiu.edu.BeRealClone;
				PRODUCT_NAME = "$(TARGET_NAME)";
				SWIFT_EMIT_LOC_STRINGS = YES;
				SWIFT_VERSION = 5.0;
				TARGETED_DEVICE_FAMILY = "1,2";
			};
			name = Debug;
		};
		CE9F19E22CE6FAB900C7C6BE /* Release */ = {
			isa = XCBuildConfiguration;
			buildSettings = {
				ASSETCATALOG_COMPILER_APPICON_NAME = AppIcon;
				ASSETCATALOG_COMPILER_GLOBAL_ACCENT_COLOR_NAME = AccentColor;
				CODE_SIGN_STYLE = Automatic;
				CURRENT_PROJECT_VERSION = 1;
				DEVELOPMENT_ASSET_PATHS = "\"BeRealClone/Preview Content\"";
				DEVELOPMENT_TEAM = P5RT3WX6VW;
				ENABLE_PREVIEWS = YES;
				GENERATE_INFOPLIST_FILE = YES;
				INFOPLIST_KEY_UIApplicationSceneManifest_Generation = YES;
				INFOPLIST_KEY_UIApplicationSupportsIndirectInputEvents = YES;
				INFOPLIST_KEY_UILaunchScreen_Generation = YES;
				INFOPLIST_KEY_UISupportedInterfaceOrientations_iPad = "UIInterfaceOrientationPortrait UIInterfaceOrientationPortraitUpsideDown UIInterfaceOrientationLandscapeLeft UIInterfaceOrientationLandscapeRight";
				INFOPLIST_KEY_UISupportedInterfaceOrientations_iPhone = "UIInterfaceOrientationPortrait UIInterfaceOrientationLandscapeLeft UIInterfaceOrientationLandscapeRight";
				LD_RUNPATH_SEARCH_PATHS = (
					"$(inherited)",
					"@executable_path/Frameworks",
				);
				MARKETING_VERSION = 1.0;
				PRODUCT_BUNDLE_IDENTIFIER = ios.vm.fiu.edu.BeRealClone;
				PRODUCT_NAME = "$(TARGET_NAME)";
				SWIFT_EMIT_LOC_STRINGS = YES;
				SWIFT_VERSION = 5.0;
				TARGETED_DEVICE_FAMILY = "1,2";
			};
			name = Release;
		};
/* End XCBuildConfiguration section */

/* Begin XCConfigurationList section */
		CE9F19CD2CE6FAB400C7C6BE /* Build configuration list for PBXProject "BeRealClone" */ = {
			isa = XCConfigurationList;
			buildConfigurations = (
				CE9F19DE2CE6FAB900C7C6BE /* Debug */,
				CE9F19DF2CE6FAB900C7C6BE /* Release */,
			);
			defaultConfigurationIsVisible = 0;
			defaultConfigurationName = Release;
		};
		CE9F19E02CE6FAB900C7C6BE /* Build configuration list for PBXNativeTarget "BeRealClone" */ = {
			isa = XCConfigurationList;
			buildConfigurations = (
				CE9F19E12CE6FAB900C7C6BE /* Debug */,
				CE9F19E22CE6FAB900C7C6BE /* Release */,
			);
			defaultConfigurationIsVisible = 0;
			defaultConfigurationName = Release;
		};
/* End XCConfigurationList section */

/* Begin XCRemoteSwiftPackageReference section */
		CE9F19E32CE6FB6B00C7C6BE /* XCRemoteSwiftPackageReference "Parse-Swift" */ = {
			isa = XCRemoteSwiftPackageReference;
			repositoryURL = "https://github.com/parse-community/Parse-Swift";
			requirement = {
				kind = upToNextMajorVersion;
				minimumVersion = 4.0.0;
			};
		};
/* End XCRemoteSwiftPackageReference section */

/* Begin XCSwiftPackageProductDependency section */
		CE9F19E42CE6FB6B00C7C6BE /* ParseSwift */ = {
			isa = XCSwiftPackageProductDependency;
			package = CE9F19E32CE6FB6B00C7C6BE /* XCRemoteSwiftPackageReference "Parse-Swift" */;
			productName = ParseSwift;
		};
/* End XCSwiftPackageProductDependency section */
	};
	rootObject = CE9F19CA2CE6FAB400C7C6BE /* Project object */;
}
